
Microsoft Visual Studio Solution File, Format Version 12.00
# Visual Studio Version 17
VisualStudioVersion = 17.6.33723.286
MinimumVisualStudioVersion = 10.0.40219.1
Project("{FAE04EC0-301F-11D3-BF4B-00C04F79EFBC}") = "MagicVilla_VillaAPI", "MagicVilla_VillaAPI\MagicVilla_VillaAPI.csproj", "{545E35D1-8F59-4E0E-A1F5-44308D85FC8D}"
EndProject
Global
	GlobalSection(SolutionConfigurationPlatforms) = preSolution
		Debug|Any CPU = Debug|Any CPU
		Release|Any CPU = Release|Any CPU
	EndGlobalSection
	GlobalSection(ProjectConfigurationPlatforms) = postSolution
		{545E35D1-8F59-4E0E-A1F5-44308D85FC8D}.Debug|Any CPU.ActiveCfg = Debug|Any CPU
		{545E35D1-8F59-4E0E-A1F5-44308D85FC8D}.Debug|Any CPU.Build.0 = Debug|Any CPU
		{545E35D1-8F59-4E0E-A1F5-44308D85FC8D}.Release|Any CPU.ActiveCfg = Release|Any CPU
		{545E35D1-8F59-4E0E-A1F5-44308D85FC8D}.Release|Any CPU.Build.0 = Release|Any CPU
	EndGlobalSection
	GlobalSection(SolutionProperties) = preSolution
		HideSolutionNode = FALSE
	EndGlobalSection
	GlobalSection(ExtensibilityGlobals) = postSolution
		SolutionGuid = {AFC3A4A6-661A-410F-B3CA-92EEBC687F69}
	EndGlobalSection
EndGlobal
